PODS:
  - e2e (0.0.1):
    - Flutter
  - Flutter (1.0.0)
  - flutter_blue (0.0.1):
    - Flutter
    - flutter_blue/Protos (= 0.0.1)
  - flutter_blue/Protos (0.0.1):
    - Flutter
    - Protobuf (~> 3.15.8)
  - Protobuf (3.15.8)

DEPENDENCIES:
  - e2e (from `.symlinks/plugins/e2e/ios`)
  - Flutter (from `Flutter`)
  - flutter_blue (from `.symlinks/plugins/flutter_blue/ios`)

SPEC REPOS:
  trunk:
    - Protobuf

EXTERNAL SOURCES:
  e2e:
    :path: ".symlinks/plugins/e2e/ios"
  Flutter:
    :path: Flutter
  flutter_blue:
    :path: ".symlinks/plugins/flutter_blue/ios"

SPEC CHECKSUMS:
  e2e: 967b9b1fc533b7636a3b7a719f840c27f301fe1f
  Flutter: 434fef37c0980e73bb6479ef766c45957d4b510c
  flutter_blue: 0c6281e67dd48996820a5fd1b98d6d532a1e5efb
  Protobuf: adb85cd18a15bd1a777c158af9fd6e612a0e6d69

PODFILE CHECKSUM: aafe91acc616949ddb318b77800a7f51bffa2a4c

COCOAPODS: 1.10.1
